
Microsoft Visual Studio Solution File, Format Version 12.00
# Visual Studio Version 16
VisualStudioVersion = 16.0.31624.102
MinimumVisualStudioVersion = 10.0.40219.1
Project("{888888A0-9F3D-457C-B088-3A5042F75D52}") = "8958", "8958\8958.pyproj", "{8191FA71-31F6-4668-9CEC-BFE01F98362D}"
EndProject
Global
	GlobalSection(SolutionConfigurationPlatforms) = preSolution
		Debug|Any CPU = Debug|Any CPU
		Release|Any CPU = Release|Any CPU
	EndGlobalSection
	GlobalSection(ProjectConfigurationPlatforms) = postSolution
		{8191FA71-31F6-4668-9CEC-BFE01F98362D}.Debug|Any CPU.ActiveCfg = Debug|Any CPU
		{8191FA71-31F6-4668-9CEC-BFE01F98362D}.Release|Any CPU.ActiveCfg = Release|Any CPU
	EndGlobalSection
	GlobalSection(SolutionProperties) = preSolution
		HideSolutionNode = FALSE
	EndGlobalSection
	GlobalSection(ExtensibilityGlobals) = postSolution
		SolutionGuid = {720BD61F-7385-43B9-AF55-DFF5A39EDE17}
	EndGlobalSection
EndGlobal
