
Microsoft Visual Studio Solution File, Format Version 12.00
# Visual Studio Version 16
VisualStudioVersion = 16.0.31624.102
MinimumVisualStudioVersion = 10.0.40219.1
Project("{888888A0-9F3D-457C-B088-3A5042F75D52}") = "1026", "1026\1026.pyproj", "{6DC8D783-C59D-4638-8DC0-3D23439A4B09}"
EndProject
Global
	GlobalSection(SolutionConfigurationPlatforms) = preSolution
		Debug|Any CPU = Debug|Any CPU
		Release|Any CPU = Release|Any CPU
	EndGlobalSection
	GlobalSection(ProjectConfigurationPlatforms) = postSolution
		{6DC8D783-C59D-4638-8DC0-3D23439A4B09}.Debug|Any CPU.ActiveCfg = Debug|Any CPU
		{6DC8D783-C59D-4638-8DC0-3D23439A4B09}.Release|Any CPU.ActiveCfg = Release|Any CPU
	EndGlobalSection
	GlobalSection(SolutionProperties) = preSolution
		HideSolutionNode = FALSE
	EndGlobalSection
	GlobalSection(ExtensibilityGlobals) = postSolution
		SolutionGuid = {4C06880B-6D1D-4DB8-A513-9F81EC20BC47}
	EndGlobalSection
EndGlobal
