
Microsoft Visual Studio Solution File, Format Version 12.00
# Visual Studio Version 16
VisualStudioVersion = 16.0.31624.102
MinimumVisualStudioVersion = 10.0.40219.1
Project("{888888A0-9F3D-457C-B088-3A5042F75D52}") = "2579", "2579\2579.pyproj", "{77965085-7DA9-4B61-8326-7AFBCF0F415A}"
EndProject
Global
	GlobalSection(SolutionConfigurationPlatforms) = preSolution
		Debug|Any CPU = Debug|Any CPU
		Release|Any CPU = Release|Any CPU
	EndGlobalSection
	GlobalSection(ProjectConfigurationPlatforms) = postSolution
		{77965085-7DA9-4B61-8326-7AFBCF0F415A}.Debug|Any CPU.ActiveCfg = Debug|Any CPU
		{77965085-7DA9-4B61-8326-7AFBCF0F415A}.Release|Any CPU.ActiveCfg = Release|Any CPU
	EndGlobalSection
	GlobalSection(SolutionProperties) = preSolution
		HideSolutionNode = FALSE
	EndGlobalSection
	GlobalSection(ExtensibilityGlobals) = postSolution
		SolutionGuid = {E8936D3D-1734-4DB5-BC8D-D130D2589FB0}
	EndGlobalSection
EndGlobal
