
Microsoft Visual Studio Solution File, Format Version 12.00
# Visual Studio Version 16
VisualStudioVersion = 16.0.31624.102
MinimumVisualStudioVersion = 10.0.40219.1
Project("{888888A0-9F3D-457C-B088-3A5042F75D52}") = "7568", "7568\7568.pyproj", "{35A72525-EC6D-45D3-8D84-B65CBB2568BF}"
EndProject
Global
	GlobalSection(SolutionConfigurationPlatforms) = preSolution
		Debug|Any CPU = Debug|Any CPU
		Release|Any CPU = Release|Any CPU
	EndGlobalSection
	GlobalSection(ProjectConfigurationPlatforms) = postSolution
		{35A72525-EC6D-45D3-8D84-B65CBB2568BF}.Debug|Any CPU.ActiveCfg = Debug|Any CPU
		{35A72525-EC6D-45D3-8D84-B65CBB2568BF}.Release|Any CPU.ActiveCfg = Release|Any CPU
	EndGlobalSection
	GlobalSection(SolutionProperties) = preSolution
		HideSolutionNode = FALSE
	EndGlobalSection
	GlobalSection(ExtensibilityGlobals) = postSolution
		SolutionGuid = {1AA2B803-0CF0-43E9-B1ED-DDAA8064FC72}
	EndGlobalSection
EndGlobal
